
Microsoft Visual Studio Solution File, Format Version 12.00
# Visual Studio Version 17
VisualStudioVersion = 17.13.35913.81 d17.13
MinimumVisualStudioVersion = 10.0.40219.1
Project("{FAE04EC0-301F-11D3-BF4B-00C04F79EFBC}") = "ProyectoBombones.Entidades", "ProyectoBombones.Entidades\ProyectoBombones.Entidades.csproj", "{7135F556-5741-4ADB-BB1B-4137990E8788}"
EndProject
Project("{FAE04EC0-301F-11D3-BF4B-00C04F79EFBC}") = "ProyectoBombones.Datos", "ProyectoBombones.Datos\ProyectoBombones.Datos.csproj", "{74B8963A-1110-472B-BA4C-5FE94D983742}"
EndProject
Project("{FAE04EC0-301F-11D3-BF4B-00C04F79EFBC}") = "ProyectoBombones.Servicios", "ProyectoBombones.Servicios\ProyectoBombones.Servicios.csproj", "{104CB258-A7F2-4B7D-9BE9-31B424E00A97}"
EndProject
Project("{FAE04EC0-301F-11D3-BF4B-00C04F79EFBC}") = "ProyectoBombones.Consola", "ProyectoBombones.Consola\ProyectoBombones.Consola.csproj", "{448FDE6B-0872-4F93-B7C4-0D11CF84922F}"
EndProject
Global
	GlobalSection(SolutionConfigurationPlatforms) = preSolution
		Debug|Any CPU = Debug|Any CPU
		Release|Any CPU = Release|Any CPU
	EndGlobalSection
	GlobalSection(ProjectConfigurationPlatforms) = postSolution
		{7135F556-5741-4ADB-BB1B-4137990E8788}.Debug|Any CPU.ActiveCfg = Debug|Any CPU
		{7135F556-5741-4ADB-BB1B-4137990E8788}.Debug|Any CPU.Build.0 = Debug|Any CPU
		{7135F556-5741-4ADB-BB1B-4137990E8788}.Release|Any CPU.ActiveCfg = Release|Any CPU
		{7135F556-5741-4ADB-BB1B-4137990E8788}.Release|Any CPU.Build.0 = Release|Any CPU
		{74B8963A-1110-472B-BA4C-5FE94D983742}.Debug|Any CPU.ActiveCfg = Debug|Any CPU
		{74B8963A-1110-472B-BA4C-5FE94D983742}.Debug|Any CPU.Build.0 = Debug|Any CPU
		{74B8963A-1110-472B-BA4C-5FE94D983742}.Release|Any CPU.ActiveCfg = Release|Any CPU
		{74B8963A-1110-472B-BA4C-5FE94D983742}.Release|Any CPU.Build.0 = Release|Any CPU
		{104CB258-A7F2-4B7D-9BE9-31B424E00A97}.Debug|Any CPU.ActiveCfg = Debug|Any CPU
		{104CB258-A7F2-4B7D-9BE9-31B424E00A97}.Debug|Any CPU.Build.0 = Debug|Any CPU
		{104CB258-A7F2-4B7D-9BE9-31B424E00A97}.Release|Any CPU.ActiveCfg = Release|Any CPU
		{104CB258-A7F2-4B7D-9BE9-31B424E00A97}.Release|Any CPU.Build.0 = Release|Any CPU
		{448FDE6B-0872-4F93-B7C4-0D11CF84922F}.Debug|Any CPU.ActiveCfg = Debug|Any CPU
		{448FDE6B-0872-4F93-B7C4-0D11CF84922F}.Debug|Any CPU.Build.0 = Debug|Any CPU
		{448FDE6B-0872-4F93-B7C4-0D11CF84922F}.Release|Any CPU.ActiveCfg = Release|Any CPU
		{448FDE6B-0872-4F93-B7C4-0D11CF84922F}.Release|Any CPU.Build.0 = Release|Any CPU
	EndGlobalSection
	GlobalSection(SolutionProperties) = preSolution
		HideSolutionNode = FALSE
	EndGlobalSection
	GlobalSection(ExtensibilityGlobals) = postSolution
		SolutionGuid = {E198E1C7-7EED-4D08-84FA-121A7D6E32EC}
	EndGlobalSection
EndGlobal
